
Microsoft Visual Studio Solution File, Format Version 12.00
# Visual Studio 15
VisualStudioVersion = 15.0.28307.902
MinimumVisualStudioVersion = 10.0.40219.1
Project("{FAE04EC0-301F-11D3-BF4B-00C04F79EFBC}") = "part2", "question1\part2.csproj", "{EAAD748C-5091-44A1-B901-2589817401CA}"
EndProject
Project("{FAE04EC0-301F-11D3-BF4B-00C04F79EFBC}") = "part1", "part1\part1.csproj", "{7E5AB0C4-88E1-42C1-A65E-113606E4FF54}"
EndProject
Global
	GlobalSection(SolutionConfigurationPlatforms) = preSolution
		Debug|Any CPU = Debug|Any CPU
		Release|Any CPU = Release|Any CPU
	EndGlobalSection
	GlobalSection(ProjectConfigurationPlatforms) = postSolution
		{EAAD748C-5091-44A1-B901-2589817401CA}.Debug|Any CPU.ActiveCfg = Debug|Any CPU
		{EAAD748C-5091-44A1-B901-2589817401CA}.Debug|Any CPU.Build.0 = Debug|Any CPU
		{EAAD748C-5091-44A1-B901-2589817401CA}.Release|Any CPU.ActiveCfg = Release|Any CPU
		{EAAD748C-5091-44A1-B901-2589817401CA}.Release|Any CPU.Build.0 = Release|Any CPU
		{7E5AB0C4-88E1-42C1-A65E-113606E4FF54}.Debug|Any CPU.ActiveCfg = Debug|Any CPU
		{7E5AB0C4-88E1-42C1-A65E-113606E4FF54}.Debug|Any CPU.Build.0 = Debug|Any CPU
		{7E5AB0C4-88E1-42C1-A65E-113606E4FF54}.Release|Any CPU.ActiveCfg = Release|Any CPU
		{7E5AB0C4-88E1-42C1-A65E-113606E4FF54}.Release|Any CPU.Build.0 = Release|Any CPU
	EndGlobalSection
	GlobalSection(SolutionProperties) = preSolution
		HideSolutionNode = FALSE
	EndGlobalSection
	GlobalSection(ExtensibilityGlobals) = postSolution
		SolutionGuid = {1FA5BD2C-1BBD-4591-BEA0-5BD8C472AE10}
	EndGlobalSection
EndGlobal
